// !$*UTF8*$!
{
	archiveVersion = 1;
	classes = {
	};
	objectVersion = 56;
	objects = {

/* Begin PBXBuildFile section */
		F10065E62BD695CF00D8A620 /* Entity in Frameworks */ = {isa = PBXBuildFile; productRef = F10065E52BD695CF00D8A620 /* Entity */; };
		F10065E82BD6986800D8A620 /* Storage in Frameworks */ = {isa = PBXBuildFile; productRef = F10065E72BD6986800D8A620 /* Storage */; };
		F10065EB2BD69C1400D8A620 /* AllFeatures in Frameworks */ = {isa = PBXBuildFile; productRef = F10065EA2BD69C1400D8A620 /* AllFeatures */; };
		F15403352BD17EDB00FAF7E3 /* AppDelegate.swift in Sources */ = {isa = PBXBuildFile; fileRef = F15403342BD17EDB00FAF7E3 /* AppDelegate.swift */; };
		F154272C2BCD0C6E0070D22C /* Assets.xcassets in Resources */ = {isa = PBXBuildFile; fileRef = F154272B2BCD0C6E0070D22C /* Assets.xcassets */; };
		F154272F2BCD0C6E0070D22C /* Preview Assets.xcassets in Resources */ = {isa = PBXBuildFile; fileRef = F154272E2BCD0C6E0070D22C /* Preview Assets.xcassets */; };
		F16380EA2BD6924500BC655B /* ThirdPartyKit in Frameworks */ = {isa = PBXBuildFile; productRef = F16380E92BD6924500BC655B /* ThirdPartyKit */; };
		F19499C32BDCA617008F9F8E /* HomeFeature in Frameworks */ = {isa = PBXBuildFile; productRef = F19499C22BDCA617008F9F8E /* HomeFeature */; };
		F19499C42BDCA685008F9F8E /* RootView.swift in Sources */ = {isa = PBXBuildFile; fileRef = F1B055E12BDCA49D00ADDC8A /* RootView.swift */; };
		F19499C52BDCA685008F9F8E /* RootViewStore.swift in Sources */ = {isa = PBXBuildFile; fileRef = F1B055E22BDCA49D00ADDC8A /* RootViewStore.swift */; };
		F19499C62BDCA685008F9F8E /* RootTab.swift in Sources */ = {isa = PBXBuildFile; fileRef = F1B055E32BDCA49D00ADDC8A /* RootTab.swift */; };
		F19499CC2BDCA7E6008F9F8E /* Localizable.xcstrings in Resources */ = {isa = PBXBuildFile; fileRef = F19499CB2BDCA7E6008F9F8E /* Localizable.xcstrings */; };
		F1CB24832BD7CBA7003596B2 /* CalendarFeature in Frameworks */ = {isa = PBXBuildFile; productRef = F1CB24822BD7CBA7003596B2 /* CalendarFeature */; };
		F1CB24852BD7CBA7003596B2 /* SettingFeature in Frameworks */ = {isa = PBXBuildFile; productRef = F1CB24842BD7CBA7003596B2 /* SettingFeature */; };
		F1CB24872BD7CBA7003596B2 /* TodoFeature in Frameworks */ = {isa = PBXBuildFile; productRef = F1CB24862BD7CBA7003596B2 /* TodoFeature */; };
		F1DBBD5A2BCD42F900D1A58E /* App.swift in Sources */ = {isa = PBXBuildFile; fileRef = F1DBBD592BCD42F900D1A58E /* App.swift */; };
/* End PBXBuildFile section */

/* Begin PBXFileReference section */
		F10065E92BD69B4500D8A620 /* Feature */ = {isa = PBXFileReference; lastKnownFileType = wrapper; name = Feature; path = SimpleNote/Feature; sourceTree = "<group>"; };
		F15403342BD17EDB00FAF7E3 /* AppDelegate.swift */ = {isa = PBXFileReference; lastKnownFileType = sourcecode.swift; path = AppDelegate.swift; sourceTree = "<group>"; };
		F15427222BCD0C6C0070D22C /* SimpleNote.app */ = {isa = PBXFileReference; explicitFileType = wrapper.application; includeInIndex = 0; path = SimpleNote.app; sourceTree = BUILT_PRODUCTS_DIR; };
		F154272B2BCD0C6E0070D22C /* Assets.xcassets */ = {isa = PBXFileReference; lastKnownFileType = folder.assetcatalog; path = Assets.xcassets; sourceTree = "<group>"; };
		F154272E2BCD0C6E0070D22C /* Preview Assets.xcassets */ = {isa = PBXFileReference; lastKnownFileType = folder.assetcatalog; path = "Preview Assets.xcassets"; sourceTree = "<group>"; };
		F15427302BCD0C6E0070D22C /* SimpleNote.entitlements */ = {isa = PBXFileReference; lastKnownFileType = text.plist.entitlements; path = SimpleNote.entitlements; sourceTree = "<group>"; };
		F15427312BCD0C6E0070D22C /* Info.plist */ = {isa = PBXFileReference; lastKnownFileType = text.plist.xml; path = Info.plist; sourceTree = "<group>"; };
		F16380E52BD68E1800BC655B /* Shared */ = {isa = PBXFileReference; lastKnownFileType = wrapper; name = Shared; path = SimpleNote/Shared; sourceTree = "<group>"; };
		F16380EC2BD6956000BC655B /* Service */ = {isa = PBXFileReference; lastKnownFileType = wrapper; name = Service; path = SimpleNote/Service; sourceTree = "<group>"; };
		F19499CB2BDCA7E6008F9F8E /* Localizable.xcstrings */ = {isa = PBXFileReference; lastKnownFileType = text.json.xcstrings; path = Localizable.xcstrings; sourceTree = "<group>"; };
		F1B055E12BDCA49D00ADDC8A /* RootView.swift */ = {isa = PBXFileReference; lastKnownFileType = sourcecode.swift; path = RootView.swift; sourceTree = "<group>"; };
		F1B055E22BDCA49D00ADDC8A /* RootViewStore.swift */ = {isa = PBXFileReference; lastKnownFileType = sourcecode.swift; path = RootViewStore.swift; sourceTree = "<group>"; };
		F1B055E32BDCA49D00ADDC8A /* RootTab.swift */ = {isa = PBXFileReference; lastKnownFileType = sourcecode.swift; path = RootTab.swift; sourceTree = "<group>"; };
		F1DBBD592BCD42F900D1A58E /* App.swift */ = {isa = PBXFileReference; lastKnownFileType = sourcecode.swift; path = App.swift; sourceTree = "<group>"; };
		F1EA9CBC2BD7655B00177EEB /* UI */ = {isa = PBXFileReference; lastKnownFileType = wrapper; name = UI; path = SimpleNote/UI; sourceTree = "<group>"; };
/* End PBXFileReference section */

/* Begin PBXFrameworksBuildPhase section */
		F154271F2BCD0C6C0070D22C /* Frameworks */ = {
			isa = PBXFrameworksBuildPhase;
			buildActionMask = 2147483647;
			files = (
				F19499C32BDCA617008F9F8E /* HomeFeature in Frameworks */,
				F1CB24872BD7CBA7003596B2 /* TodoFeature in Frameworks */,
				F10065E82BD6986800D8A620 /* Storage in Frameworks */,
				F16380EA2BD6924500BC655B /* ThirdPartyKit in Frameworks */,
				F10065E62BD695CF00D8A620 /* Entity in Frameworks */,
				F1CB24832BD7CBA7003596B2 /* CalendarFeature in Frameworks */,
				F1CB24852BD7CBA7003596B2 /* SettingFeature in Frameworks */,
				F10065EB2BD69C1400D8A620 /* AllFeatures in Frameworks */,
			);
			runOnlyForDeploymentPostprocessing = 0;
		};
/* End PBXFrameworksBuildPhase section */

/* Begin PBXGroup section */
		F15427192BCD0C6C0070D22C = {
			isa = PBXGroup;
			children = (
				F1EA9CBC2BD7655B00177EEB /* UI */,
				F10065E92BD69B4500D8A620 /* Feature */,
				F16380EC2BD6956000BC655B /* Service */,
				F16380E52BD68E1800BC655B /* Shared */,
				F15427242BCD0C6C0070D22C /* SimpleNote */,
				F15427232BCD0C6C0070D22C /* Products */,
				F16380E62BD68E8400BC655B /* Frameworks */,
			);
			sourceTree = "<group>";
		};
		F15427232BCD0C6C0070D22C /* Products */ = {
			isa = PBXGroup;
			children = (
				F15427222BCD0C6C0070D22C /* SimpleNote.app */,
			);
			name = Products;
			sourceTree = "<group>";
		};
		F15427242BCD0C6C0070D22C /* SimpleNote */ = {
			isa = PBXGroup;
			children = (
				F19499C82BDCA6AE008F9F8E /* Resources */,
				F1B055E02BDCA49D00ADDC8A /* Root */,
				F154273A2BCD0F260070D22C /* App */,
				F15427302BCD0C6E0070D22C /* SimpleNote.entitlements */,
				F15427312BCD0C6E0070D22C /* Info.plist */,
				F154272D2BCD0C6E0070D22C /* Preview Content */,
			);
			path = SimpleNote;
			sourceTree = "<group>";
		};
		F154272D2BCD0C6E0070D22C /* Preview Content */ = {
			isa = PBXGroup;
			children = (
				F154272E2BCD0C6E0070D22C /* Preview Assets.xcassets */,
			);
			path = "Preview Content";
			sourceTree = "<group>";
		};
		F154273A2BCD0F260070D22C /* App */ = {
			isa = PBXGroup;
			children = (
				F1DBBD592BCD42F900D1A58E /* App.swift */,
				F15403342BD17EDB00FAF7E3 /* AppDelegate.swift */,
			);
			path = App;
			sourceTree = "<group>";
		};
		F16380E62BD68E8400BC655B /* Frameworks */ = {
			isa = PBXGroup;
			children = (
			);
			name = Frameworks;
			sourceTree = "<group>";
		};
		F19499C82BDCA6AE008F9F8E /* Resources */ = {
			isa = PBXGroup;
			children = (
				F154272B2BCD0C6E0070D22C /* Assets.xcassets */,
				F19499CB2BDCA7E6008F9F8E /* Localizable.xcstrings */,
			);
			path = Resources;
			sourceTree = "<group>";
		};
		F1B055E02BDCA49D00ADDC8A /* Root */ = {
			isa = PBXGroup;
			children = (
				F1B055E12BDCA49D00ADDC8A /* RootView.swift */,
				F1B055E22BDCA49D00ADDC8A /* RootViewStore.swift */,
				F1B055E32BDCA49D00ADDC8A /* RootTab.swift */,
			);
			path = Root;
			sourceTree = "<group>";
		};
/* End PBXGroup section */

/* Begin PBXNativeTarget section */
		F15427212BCD0C6C0070D22C /* SimpleNote */ = {
			isa = PBXNativeTarget;
			buildConfigurationList = F15427342BCD0C6E0070D22C /* Build configuration list for PBXNativeTarget "SimpleNote" */;
			buildPhases = (
				F154271E2BCD0C6C0070D22C /* Sources */,
				F154271F2BCD0C6C0070D22C /* Frameworks */,
				F15427202BCD0C6C0070D22C /* Resources */,
			);
			buildRules = (
			);
			dependencies = (
			);
			name = SimpleNote;
			packageProductDependencies = (
				F16380E92BD6924500BC655B /* ThirdPartyKit */,
				F10065E52BD695CF00D8A620 /* Entity */,
				F10065E72BD6986800D8A620 /* Storage */,
				F10065EA2BD69C1400D8A620 /* AllFeatures */,
				F1CB24822BD7CBA7003596B2 /* CalendarFeature */,
				F1CB24842BD7CBA7003596B2 /* SettingFeature */,
				F1CB24862BD7CBA7003596B2 /* TodoFeature */,
				F19499C22BDCA617008F9F8E /* HomeFeature */,
			);
			productName = SimpleNote;
			productReference = F15427222BCD0C6C0070D22C /* SimpleNote.app */;
			productType = "com.apple.product-type.application";
		};
/* End PBXNativeTarget section */

/* Begin PBXProject section */
		F154271A2BCD0C6C0070D22C /* Project object */ = {
			isa = PBXProject;
			attributes = {
				BuildIndependentTargetsInParallel = 1;
				LastSwiftUpdateCheck = 1500;
				LastUpgradeCheck = 1500;
				TargetAttributes = {
					F15427212BCD0C6C0070D22C = {
						CreatedOnToolsVersion = 15.0.1;
					};
				};
			};
			buildConfigurationList = F154271D2BCD0C6C0070D22C /* Build configuration list for PBXProject "SimpleNote" */;
			compatibilityVersion = "Xcode 14.0";
			developmentRegion = en;
			hasScannedForEncodings = 0;
			knownRegions = (
				en,
				Base,
				ko,
			);
			mainGroup = F15427192BCD0C6C0070D22C;
			packageReferences = (
			);
			productRefGroup = F15427232BCD0C6C0070D22C /* Products */;
			projectDirPath = "";
			projectRoot = "";
			targets = (
				F15427212BCD0C6C0070D22C /* SimpleNote */,
			);
		};
/* End PBXProject section */

/* Begin PBXResourcesBuildPhase section */
		F15427202BCD0C6C0070D22C /* Resources */ = {
			isa = PBXResourcesBuildPhase;
			buildActionMask = 2147483647;
			files = (
				F154272F2BCD0C6E0070D22C /* Preview Assets.xcassets in Resources */,
				F154272C2BCD0C6E0070D22C /* Assets.xcassets in Resources */,
				F19499CC2BDCA7E6008F9F8E /* Localizable.xcstrings in Resources */,
			);
			runOnlyForDeploymentPostprocessing = 0;
		};
/* End PBXResourcesBuildPhase section */

/* Begin PBXSourcesBuildPhase section */
		F154271E2BCD0C6C0070D22C /* Sources */ = {
			isa = PBXSourcesBuildPhase;
			buildActionMask = 2147483647;
			files = (
				F19499C42BDCA685008F9F8E /* RootView.swift in Sources */,
				F19499C52BDCA685008F9F8E /* RootViewStore.swift in Sources */,
				F19499C62BDCA685008F9F8E /* RootTab.swift in Sources */,
				F15403352BD17EDB00FAF7E3 /* AppDelegate.swift in Sources */,
				F1DBBD5A2BCD42F900D1A58E /* App.swift in Sources */,
			);
			runOnlyForDeploymentPostprocessing = 0;
		};
/* End PBXSourcesBuildPhase section */

/* Begin XCBuildConfiguration section */
		F15427322BCD0C6E0070D22C /* Debug */ = {
			isa = XCBuildConfiguration;
			buildSettings = {
				ALWAYS_SEARCH_USER_PATHS = NO;
				ASSETCATALOG_COMPILER_GENERATE_SWIFT_ASSET_SYMBOL_EXTENSIONS = YES;
				CLANG_ANALYZER_NONNULL = YES;
				CLANG_ANALYZER_NUMBER_OBJECT_CONVERSION = YES_AGGRESSIVE;
				CLANG_CXX_LANGUAGE_STANDARD = "gnu++20";
				CLANG_ENABLE_MODULES = YES;
				CLANG_ENABLE_OBJC_ARC = YES;
				CLANG_ENABLE_OBJC_WEAK = YES;
				CLANG_WARN_BLOCK_CAPTURE_AUTORELEASING = YES;
				CLANG_WARN_BOOL_CONVERSION = YES;
				CLANG_WARN_COMMA = YES;
				CLANG_WARN_CONSTANT_CONVERSION = YES;
				CLANG_WARN_DEPRECATED_OBJC_IMPLEMENTATIONS = YES;
				CLANG_WARN_DIRECT_OBJC_ISA_USAGE = YES_ERROR;
				CLANG_WARN_DOCUMENTATION_COMMENTS = YES;
				CLANG_WARN_EMPTY_BODY = YES;
				CLANG_WARN_ENUM_CONVERSION = YES;
				CLANG_WARN_INFINITE_RECURSION = YES;
				CLANG_WARN_INT_CONVERSION = YES;
				CLANG_WARN_NON_LITERAL_NULL_CONVERSION = YES;
				CLANG_WARN_OBJC_IMPLICIT_RETAIN_SELF = YES;
				CLANG_WARN_OBJC_LITERAL_CONVERSION = YES;
				CLANG_WARN_OBJC_ROOT_CLASS = YES_ERROR;
				CLANG_WARN_QUOTED_INCLUDE_IN_FRAMEWORK_HEADER = YES;
				CLANG_WARN_RANGE_LOOP_ANALYSIS = YES;
				CLANG_WARN_STRICT_PROTOTYPES = YES;
				CLANG_WARN_SUSPICIOUS_MOVE = YES;
				CLANG_WARN_UNGUARDED_AVAILABILITY = YES_AGGRESSIVE;
				CLANG_WARN_UNREACHABLE_CODE = YES;
				CLANG_WARN__DUPLICATE_METHOD_MATCH = YES;
				COPY_PHASE_STRIP = NO;
				DEBUG_INFORMATION_FORMAT = dwarf;
				ENABLE_STRICT_OBJC_MSGSEND = YES;
				ENABLE_TESTABILITY = YES;
				ENABLE_USER_SCRIPT_SANDBOXING = YES;
				GCC_C_LANGUAGE_STANDARD = gnu17;
				GCC_DYNAMIC_NO_PIC = NO;
				GCC_NO_COMMON_BLOCKS = YES;
				GCC_OPTIMIZATION_LEVEL = 0;
				GCC_PREPROCESSOR_DEFINITIONS = (
					"DEBUG=1",
					"$(inherited)",
				);
				GCC_WARN_64_TO_32_BIT_CONVERSION = YES;
				GCC_WARN_ABOUT_RETURN_TYPE = YES_ERROR;
				GCC_WARN_UNDECLARED_SELECTOR = YES;
				GCC_WARN_UNINITIALIZED_AUTOS = YES_AGGRESSIVE;
				GCC_WARN_UNUSED_FUNCTION = YES;
				GCC_WARN_UNUSED_VARIABLE = YES;
				IPHONEOS_DEPLOYMENT_TARGET = 17.0;
				LOCALIZATION_PREFERS_STRING_CATALOGS = YES;
				MTL_ENABLE_DEBUG_INFO = INCLUDE_SOURCE;
				MTL_FAST_MATH = YES;
				ONLY_ACTIVE_ARCH = YES;
				SDKROOT = iphoneos;
				SWIFT_ACTIVE_COMPILATION_CONDITIONS = "DEBUG $(inherited)";
				SWIFT_OPTIMIZATION_LEVEL = "-Onone";
			};
			name = Debug;
		};
		F15427332BCD0C6E0070D22C /* Release */ = {
			isa = XCBuildConfiguration;
			buildSettings = {
				ALWAYS_SEARCH_USER_PATHS = NO;
				ASSETCATALOG_COMPILER_GENERATE_SWIFT_ASSET_SYMBOL_EXTENSIONS = YES;
				CLANG_ANALYZER_NONNULL = YES;
				CLANG_ANALYZER_NUMBER_OBJECT_CONVERSION = YES_AGGRESSIVE;
				CLANG_CXX_LANGUAGE_STANDARD = "gnu++20";
				CLANG_ENABLE_MODULES = YES;
				CLANG_ENABLE_OBJC_ARC = YES;
				CLANG_ENABLE_OBJC_WEAK = YES;
				CLANG_WARN_BLOCK_CAPTURE_AUTORELEASING = YES;
				CLANG_WARN_BOOL_CONVERSION = YES;
				CLANG_WARN_COMMA = YES;
				CLANG_WARN_CONSTANT_CONVERSION = YES;
				CLANG_WARN_DEPRECATED_OBJC_IMPLEMENTATIONS = YES;
				CLANG_WARN_DIRECT_OBJC_ISA_USAGE = YES_ERROR;
				CLANG_WARN_DOCUMENTATION_COMMENTS = YES;
				CLANG_WARN_EMPTY_BODY = YES;
				CLANG_WARN_ENUM_CONVERSION = YES;
				CLANG_WARN_INFINITE_RECURSION = YES;
				CLANG_WARN_INT_CONVERSION = YES;
				CLANG_WARN_NON_LITERAL_NULL_CONVERSION = YES;
				CLANG_WARN_OBJC_IMPLICIT_RETAIN_SELF = YES;
				CLANG_WARN_OBJC_LITERAL_CONVERSION = YES;
				CLANG_WARN_OBJC_ROOT_CLASS = YES_ERROR;
				CLANG_WARN_QUOTED_INCLUDE_IN_FRAMEWORK_HEADER = YES;
				CLANG_WARN_RANGE_LOOP_ANALYSIS = YES;
				CLANG_WARN_STRICT_PROTOTYPES = YES;
				CLANG_WARN_SUSPICIOUS_MOVE = YES;
				CLANG_WARN_UNGUARDED_AVAILABILITY = YES_AGGRESSIVE;
				CLANG_WARN_UNREACHABLE_CODE = YES;
				CLANG_WARN__DUPLICATE_METHOD_MATCH = YES;
				COPY_PHASE_STRIP = NO;
				DEBUG_INFORMATION_FORMAT = "dwarf-with-dsym";
				ENABLE_NS_ASSERTIONS = NO;
				ENABLE_STRICT_OBJC_MSGSEND = YES;
				ENABLE_USER_SCRIPT_SANDBOXING = YES;
				GCC_C_LANGUAGE_STANDARD = gnu17;
				GCC_NO_COMMON_BLOCKS = YES;
				GCC_WARN_64_TO_32_BIT_CONVERSION = YES;
				GCC_WARN_ABOUT_RETURN_TYPE = YES_ERROR;
				GCC_WARN_UNDECLARED_SELECTOR = YES;
				GCC_WARN_UNINITIALIZED_AUTOS = YES_AGGRESSIVE;
				GCC_WARN_UNUSED_FUNCTION = YES;
				GCC_WARN_UNUSED_VARIABLE = YES;
				IPHONEOS_DEPLOYMENT_TARGET = 17.0;
				LOCALIZATION_PREFERS_STRING_CATALOGS = YES;
				MTL_ENABLE_DEBUG_INFO = NO;
				MTL_FAST_MATH = YES;
				SDKROOT = iphoneos;
				SWIFT_COMPILATION_MODE = wholemodule;
				VALIDATE_PRODUCT = YES;
			};
			name = Release;
		};
		F15427352BCD0C6E0070D22C /* Debug */ = {
			isa = XCBuildConfiguration;
			buildSettings = {
				ASSETCATALOG_COMPILER_APPICON_NAME = AppIcon;
				ASSETCATALOG_COMPILER_GLOBAL_ACCENT_COLOR_NAME = AccentColor;
				CODE_SIGN_ENTITLEMENTS = SimpleNote/SimpleNote.entitlements;
				CODE_SIGN_STYLE = Automatic;
				CURRENT_PROJECT_VERSION = 1;
				DEVELOPMENT_ASSET_PATHS = "\"SimpleNote/Preview Content\"";
				DEVELOPMENT_TEAM = 62ZLDXLZ77;
				ENABLE_PREVIEWS = YES;
				GENERATE_INFOPLIST_FILE = YES;
				INFOPLIST_FILE = SimpleNote/Info.plist;
				INFOPLIST_KEY_CFBundleDisplayName = SimpleNote;
				INFOPLIST_KEY_LSApplicationCategoryType = "public.app-category.productivity";
				INFOPLIST_KEY_UIApplicationSceneManifest_Generation = YES;
				INFOPLIST_KEY_UIApplicationSupportsIndirectInputEvents = YES;
				INFOPLIST_KEY_UILaunchScreen_Generation = YES;
				INFOPLIST_KEY_UISupportedInterfaceOrientations_iPad = "UIInterfaceOrientationPortrait UIInterfaceOrientationPortraitUpsideDown UIInterfaceOrientationLandscapeLeft UIInterfaceOrientationLandscapeRight";
				INFOPLIST_KEY_UISupportedInterfaceOrientations_iPhone = "UIInterfaceOrientationPortrait UIInterfaceOrientationLandscapeLeft UIInterfaceOrientationLandscapeRight";
				LD_RUNPATH_SEARCH_PATHS = (
					"$(inherited)",
					"@executable_path/Frameworks",
				);
				MARKETING_VERSION = 1.0.0;
				PRODUCT_BUNDLE_IDENTIFIER = hogumachu.SimpleNote;
				PRODUCT_NAME = "$(TARGET_NAME)";
				SWIFT_EMIT_LOC_STRINGS = YES;
				SWIFT_VERSION = 5.0;
				TARGETED_DEVICE_FAMILY = "1,2";
			};
			name = Debug;
		};
		F15427362BCD0C6E0070D22C /* Release */ = {
			isa = XCBuildConfiguration;
			buildSettings = {
				ASSETCATALOG_COMPILER_APPICON_NAME = AppIcon;
				ASSETCATALOG_COMPILER_GLOBAL_ACCENT_COLOR_NAME = AccentColor;
				CODE_SIGN_ENTITLEMENTS = SimpleNote/SimpleNote.entitlements;
				CODE_SIGN_STYLE = Automatic;
				CURRENT_PROJECT_VERSION = 1;
				DEVELOPMENT_ASSET_PATHS = "\"SimpleNote/Preview Content\"";
				DEVELOPMENT_TEAM = 62ZLDXLZ77;
				ENABLE_PREVIEWS = YES;
				GENERATE_INFOPLIST_FILE = YES;
				INFOPLIST_FILE = SimpleNote/Info.plist;
				INFOPLIST_KEY_CFBundleDisplayName = SimpleNote;
				INFOPLIST_KEY_LSApplicationCategoryType = "public.app-category.productivity";
				INFOPLIST_KEY_UIApplicationSceneManifest_Generation = YES;
				INFOPLIST_KEY_UIApplicationSupportsIndirectInputEvents = YES;
				INFOPLIST_KEY_UILaunchScreen_Generation = YES;
				INFOPLIST_KEY_UISupportedInterfaceOrientations_iPad = "UIInterfaceOrientationPortrait UIInterfaceOrientationPortraitUpsideDown UIInterfaceOrientationLandscapeLeft UIInterfaceOrientationLandscapeRight";
				INFOPLIST_KEY_UISupportedInterfaceOrientations_iPhone = "UIInterfaceOrientationPortrait UIInterfaceOrientationLandscapeLeft UIInterfaceOrientationLandscapeRight";
				LD_RUNPATH_SEARCH_PATHS = (
					"$(inherited)",
					"@executable_path/Frameworks",
				);
				MARKETING_VERSION = 1.0.0;
				PRODUCT_BUNDLE_IDENTIFIER = hogumachu.SimpleNote;
				PRODUCT_NAME = "$(TARGET_NAME)";
				SWIFT_EMIT_LOC_STRINGS = YES;
				SWIFT_VERSION = 5.0;
				TARGETED_DEVICE_FAMILY = "1,2";
			};
			name = Release;
		};
/* End XCBuildConfiguration section */

/* Begin XCConfigurationList section */
		F154271D2BCD0C6C0070D22C /* Build configuration list for PBXProject "SimpleNote" */ = {
			isa = XCConfigurationList;
			buildConfigurations = (
				F15427322BCD0C6E0070D22C /* Debug */,
				F15427332BCD0C6E0070D22C /* Release */,
			);
			defaultConfigurationIsVisible = 0;
			defaultConfigurationName = Release;
		};
		F15427342BCD0C6E0070D22C /* Build configuration list for PBXNativeTarget "SimpleNote" */ = {
			isa = XCConfigurationList;
			buildConfigurations = (
				F15427352BCD0C6E0070D22C /* Debug */,
				F15427362BCD0C6E0070D22C /* Release */,
			);
			defaultConfigurationIsVisible = 0;
			defaultConfigurationName = Release;
		};
/* End XCConfigurationList section */

/* Begin XCSwiftPackageProductDependency section */
		F10065E52BD695CF00D8A620 /* Entity */ = {
			isa = XCSwiftPackageProductDependency;
			productName = Entity;
		};
		F10065E72BD6986800D8A620 /* Storage */ = {
			isa = XCSwiftPackageProductDependency;
			productName = Storage;
		};
		F10065EA2BD69C1400D8A620 /* AllFeatures */ = {
			isa = XCSwiftPackageProductDependency;
			productName = AllFeatures;
		};
		F16380E92BD6924500BC655B /* ThirdPartyKit */ = {
			isa = XCSwiftPackageProductDependency;
			productName = ThirdPartyKit;
		};
		F19499C22BDCA617008F9F8E /* HomeFeature */ = {
			isa = XCSwiftPackageProductDependency;
			productName = HomeFeature;
		};
		F1CB24822BD7CBA7003596B2 /* CalendarFeature */ = {
			isa = XCSwiftPackageProductDependency;
			productName = CalendarFeature;
		};
		F1CB24842BD7CBA7003596B2 /* SettingFeature */ = {
			isa = XCSwiftPackageProductDependency;
			productName = SettingFeature;
		};
		F1CB24862BD7CBA7003596B2 /* TodoFeature */ = {
			isa = XCSwiftPackageProductDependency;
			productName = TodoFeature;
		};
/* End XCSwiftPackageProductDependency section */
	};
	rootObject = F154271A2BCD0C6C0070D22C /* Project object */;
}
