// !$*UTF8*$!
{
	archiveVersion = 1;
	classes = {
	};
	objectVersion = 56;
	objects = {

/* Begin PBXBuildFile section */
		F154272C2BCD0C6E0070D22C /* Assets.xcassets in Resources */ = {isa = PBXBuildFile; fileRef = F154272B2BCD0C6E0070D22C /* Assets.xcassets */; };
		F154272F2BCD0C6E0070D22C /* Preview Assets.xcassets in Resources */ = {isa = PBXBuildFile; fileRef = F154272E2BCD0C6E0070D22C /* Preview Assets.xcassets */; };
		F15427392BCD0F060070D22C /* ComposableArchitecture in Frameworks */ = {isa = PBXBuildFile; productRef = F15427382BCD0F060070D22C /* ComposableArchitecture */; };
		F154273C2BCD0F310070D22C /* AppStore.swift in Sources */ = {isa = PBXBuildFile; fileRef = F154273B2BCD0F310070D22C /* AppStore.swift */; };
		F154273E2BCD200B0070D22C /* AppView.swift in Sources */ = {isa = PBXBuildFile; fileRef = F154273D2BCD200B0070D22C /* AppView.swift */; };
		F1DBBD562BCD3F0700D1A58E /* HomeStore.swift in Sources */ = {isa = PBXBuildFile; fileRef = F1DBBD552BCD3F0700D1A58E /* HomeStore.swift */; };
		F1DBBD582BCD41F700D1A58E /* HomeView.swift in Sources */ = {isa = PBXBuildFile; fileRef = F1DBBD572BCD41F600D1A58E /* HomeView.swift */; };
		F1DBBD5A2BCD42F900D1A58E /* App.swift in Sources */ = {isa = PBXBuildFile; fileRef = F1DBBD592BCD42F900D1A58E /* App.swift */; };
		F1DBBD5D2BCD436700D1A58E /* Database.swift in Sources */ = {isa = PBXBuildFile; fileRef = F1DBBD5C2BCD436700D1A58E /* Database.swift */; };
		F1DBBD612BCD47A400D1A58E /* Folder.swift in Sources */ = {isa = PBXBuildFile; fileRef = F1DBBD602BCD47A400D1A58E /* Folder.swift */; };
		F1DBBD632BCD494F00D1A58E /* Todo.swift in Sources */ = {isa = PBXBuildFile; fileRef = F1DBBD622BCD494F00D1A58E /* Todo.swift */; };
		F1DBBD652BCD4A9A00D1A58E /* FolderDatabase.swift in Sources */ = {isa = PBXBuildFile; fileRef = F1DBBD642BCD4A9A00D1A58E /* FolderDatabase.swift */; };
		F1DBBD692BCD4BDF00D1A58E /* TodoDatabase.swift in Sources */ = {isa = PBXBuildFile; fileRef = F1DBBD682BCD4BDF00D1A58E /* TodoDatabase.swift */; };
		F1DBBD6D2BCD4F5600D1A58E /* RootViewStore.swift in Sources */ = {isa = PBXBuildFile; fileRef = F1DBBD6C2BCD4F5600D1A58E /* RootViewStore.swift */; };
		F1DBBD6F2BCD4F6F00D1A58E /* RootView.swift in Sources */ = {isa = PBXBuildFile; fileRef = F1DBBD6E2BCD4F6F00D1A58E /* RootView.swift */; };
		F1DBBD712BCD500F00D1A58E /* RootTab.swift in Sources */ = {isa = PBXBuildFile; fileRef = F1DBBD702BCD500F00D1A58E /* RootTab.swift */; };
/* End PBXBuildFile section */

/* Begin PBXFileReference section */
		F15427222BCD0C6C0070D22C /* SimpleNote.app */ = {isa = PBXFileReference; explicitFileType = wrapper.application; includeInIndex = 0; path = SimpleNote.app; sourceTree = BUILT_PRODUCTS_DIR; };
		F154272B2BCD0C6E0070D22C /* Assets.xcassets */ = {isa = PBXFileReference; lastKnownFileType = folder.assetcatalog; path = Assets.xcassets; sourceTree = "<group>"; };
		F154272E2BCD0C6E0070D22C /* Preview Assets.xcassets */ = {isa = PBXFileReference; lastKnownFileType = folder.assetcatalog; path = "Preview Assets.xcassets"; sourceTree = "<group>"; };
		F15427302BCD0C6E0070D22C /* SimpleNote.entitlements */ = {isa = PBXFileReference; lastKnownFileType = text.plist.entitlements; path = SimpleNote.entitlements; sourceTree = "<group>"; };
		F15427312BCD0C6E0070D22C /* Info.plist */ = {isa = PBXFileReference; lastKnownFileType = text.plist.xml; path = Info.plist; sourceTree = "<group>"; };
		F154273B2BCD0F310070D22C /* AppStore.swift */ = {isa = PBXFileReference; lastKnownFileType = sourcecode.swift; path = AppStore.swift; sourceTree = "<group>"; };
		F154273D2BCD200B0070D22C /* AppView.swift */ = {isa = PBXFileReference; lastKnownFileType = sourcecode.swift; path = AppView.swift; sourceTree = "<group>"; };
		F1DBBD552BCD3F0700D1A58E /* HomeStore.swift */ = {isa = PBXFileReference; lastKnownFileType = sourcecode.swift; path = HomeStore.swift; sourceTree = "<group>"; };
		F1DBBD572BCD41F600D1A58E /* HomeView.swift */ = {isa = PBXFileReference; lastKnownFileType = sourcecode.swift; path = HomeView.swift; sourceTree = "<group>"; };
		F1DBBD592BCD42F900D1A58E /* App.swift */ = {isa = PBXFileReference; lastKnownFileType = sourcecode.swift; path = App.swift; sourceTree = "<group>"; };
		F1DBBD5C2BCD436700D1A58E /* Database.swift */ = {isa = PBXFileReference; lastKnownFileType = sourcecode.swift; path = Database.swift; sourceTree = "<group>"; };
		F1DBBD602BCD47A400D1A58E /* Folder.swift */ = {isa = PBXFileReference; lastKnownFileType = sourcecode.swift; path = Folder.swift; sourceTree = "<group>"; };
		F1DBBD622BCD494F00D1A58E /* Todo.swift */ = {isa = PBXFileReference; lastKnownFileType = sourcecode.swift; path = Todo.swift; sourceTree = "<group>"; };
		F1DBBD642BCD4A9A00D1A58E /* FolderDatabase.swift */ = {isa = PBXFileReference; lastKnownFileType = sourcecode.swift; path = FolderDatabase.swift; sourceTree = "<group>"; };
		F1DBBD682BCD4BDF00D1A58E /* TodoDatabase.swift */ = {isa = PBXFileReference; lastKnownFileType = sourcecode.swift; path = TodoDatabase.swift; sourceTree = "<group>"; };
		F1DBBD6C2BCD4F5600D1A58E /* RootViewStore.swift */ = {isa = PBXFileReference; lastKnownFileType = sourcecode.swift; path = RootViewStore.swift; sourceTree = "<group>"; };
		F1DBBD6E2BCD4F6F00D1A58E /* RootView.swift */ = {isa = PBXFileReference; lastKnownFileType = sourcecode.swift; path = RootView.swift; sourceTree = "<group>"; };
		F1DBBD702BCD500F00D1A58E /* RootTab.swift */ = {isa = PBXFileReference; lastKnownFileType = sourcecode.swift; path = RootTab.swift; sourceTree = "<group>"; };
/* End PBXFileReference section */

/* Begin PBXFrameworksBuildPhase section */
		F154271F2BCD0C6C0070D22C /* Frameworks */ = {
			isa = PBXFrameworksBuildPhase;
			buildActionMask = 2147483647;
			files = (
				F15427392BCD0F060070D22C /* ComposableArchitecture in Frameworks */,
			);
			runOnlyForDeploymentPostprocessing = 0;
		};
/* End PBXFrameworksBuildPhase section */

/* Begin PBXGroup section */
		F15427192BCD0C6C0070D22C = {
			isa = PBXGroup;
			children = (
				F15427242BCD0C6C0070D22C /* SimpleNote */,
				F15427232BCD0C6C0070D22C /* Products */,
			);
			sourceTree = "<group>";
		};
		F15427232BCD0C6C0070D22C /* Products */ = {
			isa = PBXGroup;
			children = (
				F15427222BCD0C6C0070D22C /* SimpleNote.app */,
			);
			name = Products;
			sourceTree = "<group>";
		};
		F15427242BCD0C6C0070D22C /* SimpleNote */ = {
			isa = PBXGroup;
			children = (
				F1DBBD6A2BCD4F3800D1A58E /* Features */,
				F1DBBD5F2BCD479800D1A58E /* Model */,
				F1DBBD5B2BCD435F00D1A58E /* Database */,
				F154273A2BCD0F260070D22C /* App */,
				F154272B2BCD0C6E0070D22C /* Assets.xcassets */,
				F15427302BCD0C6E0070D22C /* SimpleNote.entitlements */,
				F15427312BCD0C6E0070D22C /* Info.plist */,
				F154272D2BCD0C6E0070D22C /* Preview Content */,
			);
			path = SimpleNote;
			sourceTree = "<group>";
		};
		F154272D2BCD0C6E0070D22C /* Preview Content */ = {
			isa = PBXGroup;
			children = (
				F154272E2BCD0C6E0070D22C /* Preview Assets.xcassets */,
			);
			path = "Preview Content";
			sourceTree = "<group>";
		};
		F154273A2BCD0F260070D22C /* App */ = {
			isa = PBXGroup;
			children = (
				F154273B2BCD0F310070D22C /* AppStore.swift */,
				F154273D2BCD200B0070D22C /* AppView.swift */,
				F1DBBD592BCD42F900D1A58E /* App.swift */,
			);
			path = App;
			sourceTree = "<group>";
		};
		F1DBBD542BCD3EFB00D1A58E /* Home */ = {
			isa = PBXGroup;
			children = (
				F1DBBD552BCD3F0700D1A58E /* HomeStore.swift */,
				F1DBBD572BCD41F600D1A58E /* HomeView.swift */,
			);
			path = Home;
			sourceTree = "<group>";
		};
		F1DBBD5B2BCD435F00D1A58E /* Database */ = {
			isa = PBXGroup;
			children = (
				F1DBBD5C2BCD436700D1A58E /* Database.swift */,
				F1DBBD642BCD4A9A00D1A58E /* FolderDatabase.swift */,
				F1DBBD682BCD4BDF00D1A58E /* TodoDatabase.swift */,
			);
			path = Database;
			sourceTree = "<group>";
		};
		F1DBBD5F2BCD479800D1A58E /* Model */ = {
			isa = PBXGroup;
			children = (
				F1DBBD602BCD47A400D1A58E /* Folder.swift */,
				F1DBBD622BCD494F00D1A58E /* Todo.swift */,
			);
			path = Model;
			sourceTree = "<group>";
		};
		F1DBBD6A2BCD4F3800D1A58E /* Features */ = {
			isa = PBXGroup;
			children = (
				F1DBBD6B2BCD4F4800D1A58E /* Root */,
				F1DBBD542BCD3EFB00D1A58E /* Home */,
			);
			path = Features;
			sourceTree = "<group>";
		};
		F1DBBD6B2BCD4F4800D1A58E /* Root */ = {
			isa = PBXGroup;
			children = (
				F1DBBD6C2BCD4F5600D1A58E /* RootViewStore.swift */,
				F1DBBD6E2BCD4F6F00D1A58E /* RootView.swift */,
				F1DBBD702BCD500F00D1A58E /* RootTab.swift */,
			);
			path = Root;
			sourceTree = "<group>";
		};
/* End PBXGroup section */

/* Begin PBXNativeTarget section */
		F15427212BCD0C6C0070D22C /* SimpleNote */ = {
			isa = PBXNativeTarget;
			buildConfigurationList = F15427342BCD0C6E0070D22C /* Build configuration list for PBXNativeTarget "SimpleNote" */;
			buildPhases = (
				F154271E2BCD0C6C0070D22C /* Sources */,
				F154271F2BCD0C6C0070D22C /* Frameworks */,
				F15427202BCD0C6C0070D22C /* Resources */,
			);
			buildRules = (
			);
			dependencies = (
			);
			name = SimpleNote;
			packageProductDependencies = (
				F15427382BCD0F060070D22C /* ComposableArchitecture */,
			);
			productName = SimpleNote;
			productReference = F15427222BCD0C6C0070D22C /* SimpleNote.app */;
			productType = "com.apple.product-type.application";
		};
/* End PBXNativeTarget section */

/* Begin PBXProject section */
		F154271A2BCD0C6C0070D22C /* Project object */ = {
			isa = PBXProject;
			attributes = {
				BuildIndependentTargetsInParallel = 1;
				LastSwiftUpdateCheck = 1500;
				LastUpgradeCheck = 1500;
				TargetAttributes = {
					F15427212BCD0C6C0070D22C = {
						CreatedOnToolsVersion = 15.0.1;
					};
				};
			};
			buildConfigurationList = F154271D2BCD0C6C0070D22C /* Build configuration list for PBXProject "SimpleNote" */;
			compatibilityVersion = "Xcode 14.0";
			developmentRegion = en;
			hasScannedForEncodings = 0;
			knownRegions = (
				en,
				Base,
			);
			mainGroup = F15427192BCD0C6C0070D22C;
			packageReferences = (
				F15427372BCD0F060070D22C /* XCRemoteSwiftPackageReference "swift-composable-architecture" */,
			);
			productRefGroup = F15427232BCD0C6C0070D22C /* Products */;
			projectDirPath = "";
			projectRoot = "";
			targets = (
				F15427212BCD0C6C0070D22C /* SimpleNote */,
			);
		};
/* End PBXProject section */

/* Begin PBXResourcesBuildPhase section */
		F15427202BCD0C6C0070D22C /* Resources */ = {
			isa = PBXResourcesBuildPhase;
			buildActionMask = 2147483647;
			files = (
				F154272F2BCD0C6E0070D22C /* Preview Assets.xcassets in Resources */,
				F154272C2BCD0C6E0070D22C /* Assets.xcassets in Resources */,
			);
			runOnlyForDeploymentPostprocessing = 0;
		};
/* End PBXResourcesBuildPhase section */

/* Begin PBXSourcesBuildPhase section */
		F154271E2BCD0C6C0070D22C /* Sources */ = {
			isa = PBXSourcesBuildPhase;
			buildActionMask = 2147483647;
			files = (
				F1DBBD692BCD4BDF00D1A58E /* TodoDatabase.swift in Sources */,
				F1DBBD652BCD4A9A00D1A58E /* FolderDatabase.swift in Sources */,
				F1DBBD6D2BCD4F5600D1A58E /* RootViewStore.swift in Sources */,
				F1DBBD582BCD41F700D1A58E /* HomeView.swift in Sources */,
				F1DBBD712BCD500F00D1A58E /* RootTab.swift in Sources */,
				F154273C2BCD0F310070D22C /* AppStore.swift in Sources */,
				F1DBBD5A2BCD42F900D1A58E /* App.swift in Sources */,
				F1DBBD632BCD494F00D1A58E /* Todo.swift in Sources */,
				F1DBBD562BCD3F0700D1A58E /* HomeStore.swift in Sources */,
				F1DBBD6F2BCD4F6F00D1A58E /* RootView.swift in Sources */,
				F1DBBD5D2BCD436700D1A58E /* Database.swift in Sources */,
				F1DBBD612BCD47A400D1A58E /* Folder.swift in Sources */,
				F154273E2BCD200B0070D22C /* AppView.swift in Sources */,
			);
			runOnlyForDeploymentPostprocessing = 0;
		};
/* End PBXSourcesBuildPhase section */

/* Begin XCBuildConfiguration section */
		F15427322BCD0C6E0070D22C /* Debug */ = {
			isa = XCBuildConfiguration;
			buildSettings = {
				ALWAYS_SEARCH_USER_PATHS = NO;
				ASSETCATALOG_COMPILER_GENERATE_SWIFT_ASSET_SYMBOL_EXTENSIONS = YES;
				CLANG_ANALYZER_NONNULL = YES;
				CLANG_ANALYZER_NUMBER_OBJECT_CONVERSION = YES_AGGRESSIVE;
				CLANG_CXX_LANGUAGE_STANDARD = "gnu++20";
				CLANG_ENABLE_MODULES = YES;
				CLANG_ENABLE_OBJC_ARC = YES;
				CLANG_ENABLE_OBJC_WEAK = YES;
				CLANG_WARN_BLOCK_CAPTURE_AUTORELEASING = YES;
				CLANG_WARN_BOOL_CONVERSION = YES;
				CLANG_WARN_COMMA = YES;
				CLANG_WARN_CONSTANT_CONVERSION = YES;
				CLANG_WARN_DEPRECATED_OBJC_IMPLEMENTATIONS = YES;
				CLANG_WARN_DIRECT_OBJC_ISA_USAGE = YES_ERROR;
				CLANG_WARN_DOCUMENTATION_COMMENTS = YES;
				CLANG_WARN_EMPTY_BODY = YES;
				CLANG_WARN_ENUM_CONVERSION = YES;
				CLANG_WARN_INFINITE_RECURSION = YES;
				CLANG_WARN_INT_CONVERSION = YES;
				CLANG_WARN_NON_LITERAL_NULL_CONVERSION = YES;
				CLANG_WARN_OBJC_IMPLICIT_RETAIN_SELF = YES;
				CLANG_WARN_OBJC_LITERAL_CONVERSION = YES;
				CLANG_WARN_OBJC_ROOT_CLASS = YES_ERROR;
				CLANG_WARN_QUOTED_INCLUDE_IN_FRAMEWORK_HEADER = YES;
				CLANG_WARN_RANGE_LOOP_ANALYSIS = YES;
				CLANG_WARN_STRICT_PROTOTYPES = YES;
				CLANG_WARN_SUSPICIOUS_MOVE = YES;
				CLANG_WARN_UNGUARDED_AVAILABILITY = YES_AGGRESSIVE;
				CLANG_WARN_UNREACHABLE_CODE = YES;
				CLANG_WARN__DUPLICATE_METHOD_MATCH = YES;
				COPY_PHASE_STRIP = NO;
				DEBUG_INFORMATION_FORMAT = dwarf;
				ENABLE_STRICT_OBJC_MSGSEND = YES;
				ENABLE_TESTABILITY = YES;
				ENABLE_USER_SCRIPT_SANDBOXING = YES;
				GCC_C_LANGUAGE_STANDARD = gnu17;
				GCC_DYNAMIC_NO_PIC = NO;
				GCC_NO_COMMON_BLOCKS = YES;
				GCC_OPTIMIZATION_LEVEL = 0;
				GCC_PREPROCESSOR_DEFINITIONS = (
					"DEBUG=1",
					"$(inherited)",
				);
				GCC_WARN_64_TO_32_BIT_CONVERSION = YES;
				GCC_WARN_ABOUT_RETURN_TYPE = YES_ERROR;
				GCC_WARN_UNDECLARED_SELECTOR = YES;
				GCC_WARN_UNINITIALIZED_AUTOS = YES_AGGRESSIVE;
				GCC_WARN_UNUSED_FUNCTION = YES;
				GCC_WARN_UNUSED_VARIABLE = YES;
				IPHONEOS_DEPLOYMENT_TARGET = 17.0;
				LOCALIZATION_PREFERS_STRING_CATALOGS = YES;
				MTL_ENABLE_DEBUG_INFO = INCLUDE_SOURCE;
				MTL_FAST_MATH = YES;
				ONLY_ACTIVE_ARCH = YES;
				SDKROOT = iphoneos;
				SWIFT_ACTIVE_COMPILATION_CONDITIONS = "DEBUG $(inherited)";
				SWIFT_OPTIMIZATION_LEVEL = "-Onone";
			};
			name = Debug;
		};
		F15427332BCD0C6E0070D22C /* Release */ = {
			isa = XCBuildConfiguration;
			buildSettings = {
				ALWAYS_SEARCH_USER_PATHS = NO;
				ASSETCATALOG_COMPILER_GENERATE_SWIFT_ASSET_SYMBOL_EXTENSIONS = YES;
				CLANG_ANALYZER_NONNULL = YES;
				CLANG_ANALYZER_NUMBER_OBJECT_CONVERSION = YES_AGGRESSIVE;
				CLANG_CXX_LANGUAGE_STANDARD = "gnu++20";
				CLANG_ENABLE_MODULES = YES;
				CLANG_ENABLE_OBJC_ARC = YES;
				CLANG_ENABLE_OBJC_WEAK = YES;
				CLANG_WARN_BLOCK_CAPTURE_AUTORELEASING = YES;
				CLANG_WARN_BOOL_CONVERSION = YES;
				CLANG_WARN_COMMA = YES;
				CLANG_WARN_CONSTANT_CONVERSION = YES;
				CLANG_WARN_DEPRECATED_OBJC_IMPLEMENTATIONS = YES;
				CLANG_WARN_DIRECT_OBJC_ISA_USAGE = YES_ERROR;
				CLANG_WARN_DOCUMENTATION_COMMENTS = YES;
				CLANG_WARN_EMPTY_BODY = YES;
				CLANG_WARN_ENUM_CONVERSION = YES;
				CLANG_WARN_INFINITE_RECURSION = YES;
				CLANG_WARN_INT_CONVERSION = YES;
				CLANG_WARN_NON_LITERAL_NULL_CONVERSION = YES;
				CLANG_WARN_OBJC_IMPLICIT_RETAIN_SELF = YES;
				CLANG_WARN_OBJC_LITERAL_CONVERSION = YES;
				CLANG_WARN_OBJC_ROOT_CLASS = YES_ERROR;
				CLANG_WARN_QUOTED_INCLUDE_IN_FRAMEWORK_HEADER = YES;
				CLANG_WARN_RANGE_LOOP_ANALYSIS = YES;
				CLANG_WARN_STRICT_PROTOTYPES = YES;
				CLANG_WARN_SUSPICIOUS_MOVE = YES;
				CLANG_WARN_UNGUARDED_AVAILABILITY = YES_AGGRESSIVE;
				CLANG_WARN_UNREACHABLE_CODE = YES;
				CLANG_WARN__DUPLICATE_METHOD_MATCH = YES;
				COPY_PHASE_STRIP = NO;
				DEBUG_INFORMATION_FORMAT = "dwarf-with-dsym";
				ENABLE_NS_ASSERTIONS = NO;
				ENABLE_STRICT_OBJC_MSGSEND = YES;
				ENABLE_USER_SCRIPT_SANDBOXING = YES;
				GCC_C_LANGUAGE_STANDARD = gnu17;
				GCC_NO_COMMON_BLOCKS = YES;
				GCC_WARN_64_TO_32_BIT_CONVERSION = YES;
				GCC_WARN_ABOUT_RETURN_TYPE = YES_ERROR;
				GCC_WARN_UNDECLARED_SELECTOR = YES;
				GCC_WARN_UNINITIALIZED_AUTOS = YES_AGGRESSIVE;
				GCC_WARN_UNUSED_FUNCTION = YES;
				GCC_WARN_UNUSED_VARIABLE = YES;
				IPHONEOS_DEPLOYMENT_TARGET = 17.0;
				LOCALIZATION_PREFERS_STRING_CATALOGS = YES;
				MTL_ENABLE_DEBUG_INFO = NO;
				MTL_FAST_MATH = YES;
				SDKROOT = iphoneos;
				SWIFT_COMPILATION_MODE = wholemodule;
				VALIDATE_PRODUCT = YES;
			};
			name = Release;
		};
		F15427352BCD0C6E0070D22C /* Debug */ = {
			isa = XCBuildConfiguration;
			buildSettings = {
				ASSETCATALOG_COMPILER_APPICON_NAME = AppIcon;
				ASSETCATALOG_COMPILER_GLOBAL_ACCENT_COLOR_NAME = AccentColor;
				CODE_SIGN_ENTITLEMENTS = SimpleNote/SimpleNote.entitlements;
				CODE_SIGN_STYLE = Automatic;
				CURRENT_PROJECT_VERSION = 1;
				DEVELOPMENT_ASSET_PATHS = "\"SimpleNote/Preview Content\"";
				DEVELOPMENT_TEAM = 62ZLDXLZ77;
				ENABLE_PREVIEWS = YES;
				GENERATE_INFOPLIST_FILE = YES;
				INFOPLIST_FILE = SimpleNote/Info.plist;
				INFOPLIST_KEY_UIApplicationSceneManifest_Generation = YES;
				INFOPLIST_KEY_UIApplicationSupportsIndirectInputEvents = YES;
				INFOPLIST_KEY_UILaunchScreen_Generation = YES;
				INFOPLIST_KEY_UISupportedInterfaceOrientations_iPad = "UIInterfaceOrientationPortrait UIInterfaceOrientationPortraitUpsideDown UIInterfaceOrientationLandscapeLeft UIInterfaceOrientationLandscapeRight";
				INFOPLIST_KEY_UISupportedInterfaceOrientations_iPhone = "UIInterfaceOrientationPortrait UIInterfaceOrientationLandscapeLeft UIInterfaceOrientationLandscapeRight";
				LD_RUNPATH_SEARCH_PATHS = (
					"$(inherited)",
					"@executable_path/Frameworks",
				);
				MARKETING_VERSION = 1.0;
				PRODUCT_BUNDLE_IDENTIFIER = hogumachu.SimpleNote;
				PRODUCT_NAME = "$(TARGET_NAME)";
				SWIFT_EMIT_LOC_STRINGS = YES;
				SWIFT_VERSION = 5.0;
				TARGETED_DEVICE_FAMILY = "1,2";
			};
			name = Debug;
		};
		F15427362BCD0C6E0070D22C /* Release */ = {
			isa = XCBuildConfiguration;
			buildSettings = {
				ASSETCATALOG_COMPILER_APPICON_NAME = AppIcon;
				ASSETCATALOG_COMPILER_GLOBAL_ACCENT_COLOR_NAME = AccentColor;
				CODE_SIGN_ENTITLEMENTS = SimpleNote/SimpleNote.entitlements;
				CODE_SIGN_STYLE = Automatic;
				CURRENT_PROJECT_VERSION = 1;
				DEVELOPMENT_ASSET_PATHS = "\"SimpleNote/Preview Content\"";
				DEVELOPMENT_TEAM = 62ZLDXLZ77;
				ENABLE_PREVIEWS = YES;
				GENERATE_INFOPLIST_FILE = YES;
				INFOPLIST_FILE = SimpleNote/Info.plist;
				INFOPLIST_KEY_UIApplicationSceneManifest_Generation = YES;
				INFOPLIST_KEY_UIApplicationSupportsIndirectInputEvents = YES;
				INFOPLIST_KEY_UILaunchScreen_Generation = YES;
				INFOPLIST_KEY_UISupportedInterfaceOrientations_iPad = "UIInterfaceOrientationPortrait UIInterfaceOrientationPortraitUpsideDown UIInterfaceOrientationLandscapeLeft UIInterfaceOrientationLandscapeRight";
				INFOPLIST_KEY_UISupportedInterfaceOrientations_iPhone = "UIInterfaceOrientationPortrait UIInterfaceOrientationLandscapeLeft UIInterfaceOrientationLandscapeRight";
				LD_RUNPATH_SEARCH_PATHS = (
					"$(inherited)",
					"@executable_path/Frameworks",
				);
				MARKETING_VERSION = 1.0;
				PRODUCT_BUNDLE_IDENTIFIER = hogumachu.SimpleNote;
				PRODUCT_NAME = "$(TARGET_NAME)";
				SWIFT_EMIT_LOC_STRINGS = YES;
				SWIFT_VERSION = 5.0;
				TARGETED_DEVICE_FAMILY = "1,2";
			};
			name = Release;
		};
/* End XCBuildConfiguration section */

/* Begin XCConfigurationList section */
		F154271D2BCD0C6C0070D22C /* Build configuration list for PBXProject "SimpleNote" */ = {
			isa = XCConfigurationList;
			buildConfigurations = (
				F15427322BCD0C6E0070D22C /* Debug */,
				F15427332BCD0C6E0070D22C /* Release */,
			);
			defaultConfigurationIsVisible = 0;
			defaultConfigurationName = Release;
		};
		F15427342BCD0C6E0070D22C /* Build configuration list for PBXNativeTarget "SimpleNote" */ = {
			isa = XCConfigurationList;
			buildConfigurations = (
				F15427352BCD0C6E0070D22C /* Debug */,
				F15427362BCD0C6E0070D22C /* Release */,
			);
			defaultConfigurationIsVisible = 0;
			defaultConfigurationName = Release;
		};
/* End XCConfigurationList section */

/* Begin XCRemoteSwiftPackageReference section */
		F15427372BCD0F060070D22C /* XCRemoteSwiftPackageReference "swift-composable-architecture" */ = {
			isa = XCRemoteSwiftPackageReference;
			repositoryURL = "https://github.com/pointfreeco/swift-composable-architecture";
			requirement = {
				kind = upToNextMajorVersion;
				minimumVersion = 1.9.2;
			};
		};
/* End XCRemoteSwiftPackageReference section */

/* Begin XCSwiftPackageProductDependency section */
		F15427382BCD0F060070D22C /* ComposableArchitecture */ = {
			isa = XCSwiftPackageProductDependency;
			package = F15427372BCD0F060070D22C /* XCRemoteSwiftPackageReference "swift-composable-architecture" */;
			productName = ComposableArchitecture;
		};
/* End XCSwiftPackageProductDependency section */
	};
	rootObject = F154271A2BCD0C6C0070D22C /* Project object */;
}
